
Microsoft Visual Studio Solution File, Format Version 12.00
# Visual Studio Version 17
VisualStudioVersion = 17.0.31903.59
MinimumVisualStudioVersion = 10.0.40219.1
Project("{9A19103F-16F7-4668-BE54-9A1E7A4F7556}") = "Day1", "Day1\Day1.csproj", "{F1932D36-7F11-4D35-BDAB-1276CA1925C2}"
EndProject
Project("{9A19103F-16F7-4668-BE54-9A1E7A4F7556}") = "Day2", "Day2\Day2.csproj", "{8A079D0C-9238-4C9C-9F66-B6FD7EDFADAA}"
EndProject
Project("{9A19103F-16F7-4668-BE54-9A1E7A4F7556}") = "Day3", "Day3\Day3.csproj", "{C0CAC0D3-360D-4550-9239-758490821F6E}"
EndProject
Project("{9A19103F-16F7-4668-BE54-9A1E7A4F7556}") = "Day4", "Day4\Day4.csproj", "{6A0F623B-7AFD-4C56-864C-55A9B90FB57E}"
EndProject
Project("{9A19103F-16F7-4668-BE54-9A1E7A4F7556}") = "Day5", "Day5\Day5.csproj", "{DAE68385-AE8A-4BD8-AA92-56A5FE01FD77}"
EndProject
Project("{9A19103F-16F7-4668-BE54-9A1E7A4F7556}") = "Day6", "Day6\Day6.csproj", "{559EC3E6-73ED-4585-9B27-1C75D370D0DF}"
EndProject
Project("{9A19103F-16F7-4668-BE54-9A1E7A4F7556}") = "Day7", "Day7\Day7.csproj", "{646BC6B4-469F-4B8D-99BA-06B015DC1F8D}"
EndProject
Project("{9A19103F-16F7-4668-BE54-9A1E7A4F7556}") = "Day8", "Day8\Day8.csproj", "{2F3B999D-B2F0-49F5-B09E-E98BD681E007}"
EndProject
Project("{9A19103F-16F7-4668-BE54-9A1E7A4F7556}") = "Day9", "Day9\Day9.csproj", "{83D754B4-BD10-46E7-AA5D-2AC087711500}"
EndProject
Project("{9A19103F-16F7-4668-BE54-9A1E7A4F7556}") = "Day10", "Day10\Day10.csproj", "{6D7E86D1-AB92-4382-B45E-3C67ED38C286}"
EndProject
Project("{9A19103F-16F7-4668-BE54-9A1E7A4F7556}") = "Day11", "Day11\Day11.csproj", "{E776FC60-9E92-47D3-83BE-00EAD59F141E}"
EndProject
Project("{9A19103F-16F7-4668-BE54-9A1E7A4F7556}") = "Day12", "Day12\Day12.csproj", "{1BF8B149-470F-4273-B089-5A720D510D3E}"
EndProject
Project("{9A19103F-16F7-4668-BE54-9A1E7A4F7556}") = "Day13", "Day13\Day13.csproj", "{62529988-7FA0-48AA-9BEC-C9AC27434853}"
EndProject
Project("{FAE04EC0-301F-11D3-BF4B-00C04F79EFBC}") = "Day14", "Day14\Day14.csproj", "{30BFE33B-F501-4C74-AE5A-6517D8A34266}"
EndProject
Global
	GlobalSection(SolutionConfigurationPlatforms) = preSolution
		Debug|Any CPU = Debug|Any CPU
		Release|Any CPU = Release|Any CPU
	EndGlobalSection
	GlobalSection(ProjectConfigurationPlatforms) = postSolution
		{F1932D36-7F11-4D35-BDAB-1276CA1925C2}.Debug|Any CPU.ActiveCfg = Debug|Any CPU
		{F1932D36-7F11-4D35-BDAB-1276CA1925C2}.Debug|Any CPU.Build.0 = Debug|Any CPU
		{F1932D36-7F11-4D35-BDAB-1276CA1925C2}.Release|Any CPU.ActiveCfg = Release|Any CPU
		{F1932D36-7F11-4D35-BDAB-1276CA1925C2}.Release|Any CPU.Build.0 = Release|Any CPU
		{8A079D0C-9238-4C9C-9F66-B6FD7EDFADAA}.Debug|Any CPU.ActiveCfg = Debug|Any CPU
		{8A079D0C-9238-4C9C-9F66-B6FD7EDFADAA}.Debug|Any CPU.Build.0 = Debug|Any CPU
		{8A079D0C-9238-4C9C-9F66-B6FD7EDFADAA}.Release|Any CPU.ActiveCfg = Release|Any CPU
		{8A079D0C-9238-4C9C-9F66-B6FD7EDFADAA}.Release|Any CPU.Build.0 = Release|Any CPU
		{C0CAC0D3-360D-4550-9239-758490821F6E}.Debug|Any CPU.ActiveCfg = Debug|Any CPU
		{C0CAC0D3-360D-4550-9239-758490821F6E}.Debug|Any CPU.Build.0 = Debug|Any CPU
		{C0CAC0D3-360D-4550-9239-758490821F6E}.Release|Any CPU.ActiveCfg = Release|Any CPU
		{C0CAC0D3-360D-4550-9239-758490821F6E}.Release|Any CPU.Build.0 = Release|Any CPU
		{6A0F623B-7AFD-4C56-864C-55A9B90FB57E}.Debug|Any CPU.ActiveCfg = Debug|Any CPU
		{6A0F623B-7AFD-4C56-864C-55A9B90FB57E}.Debug|Any CPU.Build.0 = Debug|Any CPU
		{6A0F623B-7AFD-4C56-864C-55A9B90FB57E}.Release|Any CPU.ActiveCfg = Release|Any CPU
		{6A0F623B-7AFD-4C56-864C-55A9B90FB57E}.Release|Any CPU.Build.0 = Release|Any CPU
		{DAE68385-AE8A-4BD8-AA92-56A5FE01FD77}.Debug|Any CPU.ActiveCfg = Debug|Any CPU
		{DAE68385-AE8A-4BD8-AA92-56A5FE01FD77}.Debug|Any CPU.Build.0 = Debug|Any CPU
		{DAE68385-AE8A-4BD8-AA92-56A5FE01FD77}.Release|Any CPU.ActiveCfg = Release|Any CPU
		{DAE68385-AE8A-4BD8-AA92-56A5FE01FD77}.Release|Any CPU.Build.0 = Release|Any CPU
		{559EC3E6-73ED-4585-9B27-1C75D370D0DF}.Debug|Any CPU.ActiveCfg = Debug|Any CPU
		{559EC3E6-73ED-4585-9B27-1C75D370D0DF}.Debug|Any CPU.Build.0 = Debug|Any CPU
		{559EC3E6-73ED-4585-9B27-1C75D370D0DF}.Release|Any CPU.ActiveCfg = Release|Any CPU
		{559EC3E6-73ED-4585-9B27-1C75D370D0DF}.Release|Any CPU.Build.0 = Release|Any CPU
		{646BC6B4-469F-4B8D-99BA-06B015DC1F8D}.Debug|Any CPU.ActiveCfg = Debug|Any CPU
		{646BC6B4-469F-4B8D-99BA-06B015DC1F8D}.Debug|Any CPU.Build.0 = Debug|Any CPU
		{646BC6B4-469F-4B8D-99BA-06B015DC1F8D}.Release|Any CPU.ActiveCfg = Release|Any CPU
		{646BC6B4-469F-4B8D-99BA-06B015DC1F8D}.Release|Any CPU.Build.0 = Release|Any CPU
		{2F3B999D-B2F0-49F5-B09E-E98BD681E007}.Debug|Any CPU.ActiveCfg = Debug|Any CPU
		{2F3B999D-B2F0-49F5-B09E-E98BD681E007}.Debug|Any CPU.Build.0 = Debug|Any CPU
		{2F3B999D-B2F0-49F5-B09E-E98BD681E007}.Release|Any CPU.ActiveCfg = Release|Any CPU
		{2F3B999D-B2F0-49F5-B09E-E98BD681E007}.Release|Any CPU.Build.0 = Release|Any CPU
		{83D754B4-BD10-46E7-AA5D-2AC087711500}.Debug|Any CPU.ActiveCfg = Debug|Any CPU
		{83D754B4-BD10-46E7-AA5D-2AC087711500}.Debug|Any CPU.Build.0 = Debug|Any CPU
		{83D754B4-BD10-46E7-AA5D-2AC087711500}.Release|Any CPU.ActiveCfg = Release|Any CPU
		{83D754B4-BD10-46E7-AA5D-2AC087711500}.Release|Any CPU.Build.0 = Release|Any CPU
		{6D7E86D1-AB92-4382-B45E-3C67ED38C286}.Debug|Any CPU.ActiveCfg = Debug|Any CPU
		{6D7E86D1-AB92-4382-B45E-3C67ED38C286}.Debug|Any CPU.Build.0 = Debug|Any CPU
		{6D7E86D1-AB92-4382-B45E-3C67ED38C286}.Release|Any CPU.ActiveCfg = Release|Any CPU
		{6D7E86D1-AB92-4382-B45E-3C67ED38C286}.Release|Any CPU.Build.0 = Release|Any CPU
		{E776FC60-9E92-47D3-83BE-00EAD59F141E}.Debug|Any CPU.ActiveCfg = Debug|Any CPU
		{E776FC60-9E92-47D3-83BE-00EAD59F141E}.Debug|Any CPU.Build.0 = Debug|Any CPU
		{E776FC60-9E92-47D3-83BE-00EAD59F141E}.Release|Any CPU.ActiveCfg = Release|Any CPU
		{E776FC60-9E92-47D3-83BE-00EAD59F141E}.Release|Any CPU.Build.0 = Release|Any CPU
		{1BF8B149-470F-4273-B089-5A720D510D3E}.Debug|Any CPU.ActiveCfg = Debug|Any CPU
		{1BF8B149-470F-4273-B089-5A720D510D3E}.Debug|Any CPU.Build.0 = Debug|Any CPU
		{1BF8B149-470F-4273-B089-5A720D510D3E}.Release|Any CPU.ActiveCfg = Release|Any CPU
		{1BF8B149-470F-4273-B089-5A720D510D3E}.Release|Any CPU.Build.0 = Release|Any CPU
		{62529988-7FA0-48AA-9BEC-C9AC27434853}.Debug|Any CPU.ActiveCfg = Debug|Any CPU
		{62529988-7FA0-48AA-9BEC-C9AC27434853}.Debug|Any CPU.Build.0 = Debug|Any CPU
		{62529988-7FA0-48AA-9BEC-C9AC27434853}.Release|Any CPU.ActiveCfg = Release|Any CPU
		{62529988-7FA0-48AA-9BEC-C9AC27434853}.Release|Any CPU.Build.0 = Release|Any CPU
		{30BFE33B-F501-4C74-AE5A-6517D8A34266}.Debug|Any CPU.ActiveCfg = Debug|Any CPU
		{30BFE33B-F501-4C74-AE5A-6517D8A34266}.Debug|Any CPU.Build.0 = Debug|Any CPU
		{30BFE33B-F501-4C74-AE5A-6517D8A34266}.Release|Any CPU.ActiveCfg = Release|Any CPU
		{30BFE33B-F501-4C74-AE5A-6517D8A34266}.Release|Any CPU.Build.0 = Release|Any CPU
	EndGlobalSection
	GlobalSection(SolutionProperties) = preSolution
		HideSolutionNode = FALSE
	EndGlobalSection
	GlobalSection(ExtensibilityGlobals) = postSolution
		SolutionGuid = {7CF0E293-9F83-4A12-9244-83327CB66A5F}
	EndGlobalSection
EndGlobal
